
Microsoft Visual Studio Solution File, Format Version 12.00
# Visual Studio Version 17
VisualStudioVersion = 17.6.33815.320
MinimumVisualStudioVersion = 10.0.40219.1
Project("{FAE04EC0-301F-11D3-BF4B-00C04F79EFBC}") = "WebApplication2", "WebApplication2\WebApplication2.csproj", "{A823888B-2A49-4597-BFF7-A08BFA2F35A1}"
EndProject
Global
	GlobalSection(SolutionConfigurationPlatforms) = preSolution
		Debug|Any CPU = Debug|Any CPU
		Release|Any CPU = Release|Any CPU
	EndGlobalSection
	GlobalSection(ProjectConfigurationPlatforms) = postSolution
		{A823888B-2A49-4597-BFF7-A08BFA2F35A1}.Debug|Any CPU.ActiveCfg = Debug|Any CPU
		{A823888B-2A49-4597-BFF7-A08BFA2F35A1}.Debug|Any CPU.Build.0 = Debug|Any CPU
		{A823888B-2A49-4597-BFF7-A08BFA2F35A1}.Release|Any CPU.ActiveCfg = Release|Any CPU
		{A823888B-2A49-4597-BFF7-A08BFA2F35A1}.Release|Any CPU.Build.0 = Release|Any CPU
	EndGlobalSection
	GlobalSection(SolutionProperties) = preSolution
		HideSolutionNode = FALSE
	EndGlobalSection
	GlobalSection(ExtensibilityGlobals) = postSolution
		SolutionGuid = {7FB695BC-53A5-4DC9-A979-95DFBD1FED0B}
	EndGlobalSection
EndGlobal
